{
  "name": "simple-js-app",
  "lockfileVersion": 2,
  "requires": true,
  "packages": {
    "": {
      "dependencies": {
        "promise-polyfill": "8.3.0"
      }
    },
    "node_modules/promise-polyfill": {
      "version": "8.3.0",
      "resolved": "https://registry.npmjs.org/promise-polyfill/-/promise-polyfill-8.3.0.tgz",
      "integrity": "sha512-H5oELycFml5yto/atYqmjyigJoAo3+OXwolYiH7OfQuYlAqhxNvTfiNMbV9hsC6Yp83yE5r2KTVmtrG6R9i6Pg=="
    }
  },
  "dependencies": {
    "promise-polyfill": {
      "version": "8.3.0",
      "resolved": "https://registry.npmjs.org/promise-polyfill/-/promise-polyfill-8.3.0.tgz",
      "integrity": "sha512-H5oELycFml5yto/atYqmjyigJoAo3+OXwolYiH7OfQuYlAqhxNvTfiNMbV9hsC6Yp83yE5r2KTVmtrG6R9i6Pg=="
    }
  }
}
